
Microsoft Visual Studio Solution File, Format Version 12.00
# Visual Studio 2013
VisualStudioVersion = 12.0.30723.0
MinimumVisualStudioVersion = 10.0.40219.1
Project("{FAE04EC0-301F-11D3-BF4B-00C04F79EFBC}") = "MaxSubArr", "MaxSubArr\MaxSubArr.csproj", "{6EEE6CC9-9195-47DD-AEB7-AF169C89A45E}"
EndProject
Project("{FAE04EC0-301F-11D3-BF4B-00C04F79EFBC}") = "CountSort", "CountSort\CountSort.csproj", "{820B0BEE-4AD5-4587-B3A3-3093CBFC62FE}"
EndProject
Project("{FAE04EC0-301F-11D3-BF4B-00C04F79EFBC}") = "Heapsort", "Heapsort\Heapsort.csproj", "{1882F15D-3230-4CF6-AE1B-507DDABE9CE6}"
EndProject
Project("{FAE04EC0-301F-11D3-BF4B-00C04F79EFBC}") = "HashTable", "HashTable\HashTable.csproj", "{9C902FAE-BA47-49AB-9B37-CF3350BAA9E9}"
EndProject
Global
	GlobalSection(SolutionConfigurationPlatforms) = preSolution
		Debug|Any CPU = Debug|Any CPU
		Release|Any CPU = Release|Any CPU
	EndGlobalSection
	GlobalSection(ProjectConfigurationPlatforms) = postSolution
		{6EEE6CC9-9195-47DD-AEB7-AF169C89A45E}.Debug|Any CPU.ActiveCfg = Debug|Any CPU
		{6EEE6CC9-9195-47DD-AEB7-AF169C89A45E}.Debug|Any CPU.Build.0 = Debug|Any CPU
		{6EEE6CC9-9195-47DD-AEB7-AF169C89A45E}.Release|Any CPU.ActiveCfg = Release|Any CPU
		{6EEE6CC9-9195-47DD-AEB7-AF169C89A45E}.Release|Any CPU.Build.0 = Release|Any CPU
		{820B0BEE-4AD5-4587-B3A3-3093CBFC62FE}.Debug|Any CPU.ActiveCfg = Debug|Any CPU
		{820B0BEE-4AD5-4587-B3A3-3093CBFC62FE}.Debug|Any CPU.Build.0 = Debug|Any CPU
		{820B0BEE-4AD5-4587-B3A3-3093CBFC62FE}.Release|Any CPU.ActiveCfg = Release|Any CPU
		{820B0BEE-4AD5-4587-B3A3-3093CBFC62FE}.Release|Any CPU.Build.0 = Release|Any CPU
		{1882F15D-3230-4CF6-AE1B-507DDABE9CE6}.Debug|Any CPU.ActiveCfg = Debug|Any CPU
		{1882F15D-3230-4CF6-AE1B-507DDABE9CE6}.Debug|Any CPU.Build.0 = Debug|Any CPU
		{1882F15D-3230-4CF6-AE1B-507DDABE9CE6}.Release|Any CPU.ActiveCfg = Release|Any CPU
		{1882F15D-3230-4CF6-AE1B-507DDABE9CE6}.Release|Any CPU.Build.0 = Release|Any CPU
		{9C902FAE-BA47-49AB-9B37-CF3350BAA9E9}.Debug|Any CPU.ActiveCfg = Debug|Any CPU
		{9C902FAE-BA47-49AB-9B37-CF3350BAA9E9}.Debug|Any CPU.Build.0 = Debug|Any CPU
		{9C902FAE-BA47-49AB-9B37-CF3350BAA9E9}.Release|Any CPU.ActiveCfg = Release|Any CPU
		{9C902FAE-BA47-49AB-9B37-CF3350BAA9E9}.Release|Any CPU.Build.0 = Release|Any CPU
	EndGlobalSection
	GlobalSection(SolutionProperties) = preSolution
		HideSolutionNode = FALSE
	EndGlobalSection
EndGlobal
